// !$*UTF8*$!
{
	archiveVersion = 1;
	classes = {
	};
	objectVersion = 55;
	objects = {

/* Begin PBXBuildFile section */
		43C4257E284AAD1C008774EE /* counterApp.swift in Sources */ = {isa = PBXBuildFile; fileRef = 43C4257D284AAD1C008774EE /* counterApp.swift */; };
		43C42580284AAD1C008774EE /* ContentView.swift in Sources */ = {isa = PBXBuildFile; fileRef = 43C4257F284AAD1C008774EE /* ContentView.swift */; };
		43C42582284AAD23008774EE /* Assets.xcassets in Resources */ = {isa = PBXBuildFile; fileRef = 43C42581284AAD23008774EE /* Assets.xcassets */; };
		43C42585284AAD23008774EE /* Preview Assets.xcassets in Resources */ = {isa = PBXBuildFile; fileRef = 43C42584284AAD23008774EE /* Preview Assets.xcassets */; };
		43C42589284AAD23008774EE /* counter WatchKit App.app in Embed Watch Content */ = {isa = PBXBuildFile; fileRef = 43C42588284AAD23008774EE /* counter WatchKit App.app */; settings = {ATTRIBUTES = (RemoveHeadersOnCopy, ); }; };
		43C4258E284AAD25008774EE /* Assets.xcassets in Resources */ = {isa = PBXBuildFile; fileRef = 43C4258D284AAD25008774EE /* Assets.xcassets */; };
		43C42594284AAD25008774EE /* counter WatchKit Extension.appex in Embed App Extensions */ = {isa = PBXBuildFile; fileRef = 43C42593284AAD25008774EE /* counter WatchKit Extension.appex */; settings = {ATTRIBUTES = (RemoveHeadersOnCopy, ); }; };
		43C42599284AAD25008774EE /* counterApp.swift in Sources */ = {isa = PBXBuildFile; fileRef = 43C42598284AAD25008774EE /* counterApp.swift */; };
		43C4259B284AAD25008774EE /* ContentView.swift in Sources */ = {isa = PBXBuildFile; fileRef = 43C4259A284AAD25008774EE /* ContentView.swift */; };
		43C4259D284AAD25008774EE /* NotificationController.swift in Sources */ = {isa = PBXBuildFile; fileRef = 43C4259C284AAD25008774EE /* NotificationController.swift */; };
		43C4259F284AAD25008774EE /* NotificationView.swift in Sources */ = {isa = PBXBuildFile; fileRef = 43C4259E284AAD25008774EE /* NotificationView.swift */; };
		43C425A1284AAD25008774EE /* ComplicationController.swift in Sources */ = {isa = PBXBuildFile; fileRef = 43C425A0284AAD25008774EE /* ComplicationController.swift */; };
		43C425A3284AAD26008774EE /* Assets.xcassets in Resources */ = {isa = PBXBuildFile; fileRef = 43C425A2284AAD26008774EE /* Assets.xcassets */; };
		43C425A6284AAD26008774EE /* Preview Assets.xcassets in Resources */ = {isa = PBXBuildFile; fileRef = 43C425A5284AAD26008774EE /* Preview Assets.xcassets */; };
/* End PBXBuildFile section */

/* Begin PBXContainerItemProxy section */
		43C4258A284AAD23008774EE /* PBXContainerItemProxy */ = {
			isa = PBXContainerItemProxy;
			containerPortal = 43C42572284AAD1B008774EE /* Project object */;
			proxyType = 1;
			remoteGlobalIDString = 43C42587284AAD23008774EE;
			remoteInfo = "counter WatchKit App";
		};
		43C42595284AAD25008774EE /* PBXContainerItemProxy */ = {
			isa = PBXContainerItemProxy;
			containerPortal = 43C42572284AAD1B008774EE /* Project object */;
			proxyType = 1;
			remoteGlobalIDString = 43C42592284AAD25008774EE;
			remoteInfo = "counter WatchKit Extension";
		};
/* End PBXContainerItemProxy section */

/* Begin PBXCopyFilesBuildPhase section */
		43C425AE284AAD26008774EE /* Embed App Extensions */ = {
			isa = PBXCopyFilesBuildPhase;
			buildActionMask = 2147483647;
			dstPath = "";
			dstSubfolderSpec = 13;
			files = (
				43C42594284AAD25008774EE /* counter WatchKit Extension.appex in Embed App Extensions */,
			);
			name = "Embed App Extensions";
			runOnlyForDeploymentPostprocessing = 0;
		};
		43C425B2284AAD26008774EE /* Embed Watch Content */ = {
			isa = PBXCopyFilesBuildPhase;
			buildActionMask = 2147483647;
			dstPath = "$(CONTENTS_FOLDER_PATH)/Watch";
			dstSubfolderSpec = 16;
			files = (
				43C42589284AAD23008774EE /* counter WatchKit App.app in Embed Watch Content */,
			);
			name = "Embed Watch Content";
			runOnlyForDeploymentPostprocessing = 0;
		};
/* End PBXCopyFilesBuildPhase section */

/* Begin PBXFileReference section */
		43C4257A284AAD1C008774EE /* counter.app */ = {isa = PBXFileReference; explicitFileType = wrapper.application; includeInIndex = 0; path = counter.app; sourceTree = BUILT_PRODUCTS_DIR; };
		43C4257D284AAD1C008774EE /* counterApp.swift */ = {isa = PBXFileReference; lastKnownFileType = sourcecode.swift; path = counterApp.swift; sourceTree = "<group>"; };
		43C4257F284AAD1C008774EE /* ContentView.swift */ = {isa = PBXFileReference; lastKnownFileType = sourcecode.swift; path = ContentView.swift; sourceTree = "<group>"; };
		43C42581284AAD23008774EE /* Assets.xcassets */ = {isa = PBXFileReference; lastKnownFileType = folder.assetcatalog; path = Assets.xcassets; sourceTree = "<group>"; };
		43C42584284AAD23008774EE /* Preview Assets.xcassets */ = {isa = PBXFileReference; lastKnownFileType = folder.assetcatalog; path = "Preview Assets.xcassets"; sourceTree = "<group>"; };
		43C42588284AAD23008774EE /* counter WatchKit App.app */ = {isa = PBXFileReference; explicitFileType = wrapper.application; includeInIndex = 0; path = "counter WatchKit App.app"; sourceTree = BUILT_PRODUCTS_DIR; };
		43C4258D284AAD25008774EE /* Assets.xcassets */ = {isa = PBXFileReference; lastKnownFileType = folder.assetcatalog; path = Assets.xcassets; sourceTree = "<group>"; };
		43C42593284AAD25008774EE /* counter WatchKit Extension.appex */ = {isa = PBXFileReference; explicitFileType = "wrapper.app-extension"; includeInIndex = 0; path = "counter WatchKit Extension.appex"; sourceTree = BUILT_PRODUCTS_DIR; };
		43C42598284AAD25008774EE /* counterApp.swift */ = {isa = PBXFileReference; lastKnownFileType = sourcecode.swift; path = counterApp.swift; sourceTree = "<group>"; };
		43C4259A284AAD25008774EE /* ContentView.swift */ = {isa = PBXFileReference; lastKnownFileType = sourcecode.swift; path = ContentView.swift; sourceTree = "<group>"; };
		43C4259C284AAD25008774EE /* NotificationController.swift */ = {isa = PBXFileReference; lastKnownFileType = sourcecode.swift; path = NotificationController.swift; sourceTree = "<group>"; };
		43C4259E284AAD25008774EE /* NotificationView.swift */ = {isa = PBXFileReference; lastKnownFileType = sourcecode.swift; path = NotificationView.swift; sourceTree = "<group>"; };
		43C425A0284AAD25008774EE /* ComplicationController.swift */ = {isa = PBXFileReference; lastKnownFileType = sourcecode.swift; path = ComplicationController.swift; sourceTree = "<group>"; };
		43C425A2284AAD26008774EE /* Assets.xcassets */ = {isa = PBXFileReference; lastKnownFileType = folder.assetcatalog; path = Assets.xcassets; sourceTree = "<group>"; };
		43C425A5284AAD26008774EE /* Preview Assets.xcassets */ = {isa = PBXFileReference; lastKnownFileType = folder.assetcatalog; path = "Preview Assets.xcassets"; sourceTree = "<group>"; };
		43C425A7284AAD26008774EE /* Info.plist */ = {isa = PBXFileReference; lastKnownFileType = text.plist.xml; path = Info.plist; sourceTree = "<group>"; };
		43C425A8284AAD26008774EE /* PushNotificationPayload.apns */ = {isa = PBXFileReference; lastKnownFileType = text; path = PushNotificationPayload.apns; sourceTree = "<group>"; };
/* End PBXFileReference section */

/* Begin PBXFrameworksBuildPhase section */
		43C42577284AAD1C008774EE /* Frameworks */ = {
			isa = PBXFrameworksBuildPhase;
			buildActionMask = 2147483647;
			files = (
			);
			runOnlyForDeploymentPostprocessing = 0;
		};
		43C42590284AAD25008774EE /* Frameworks */ = {
			isa = PBXFrameworksBuildPhase;
			buildActionMask = 2147483647;
			files = (
			);
			runOnlyForDeploymentPostprocessing = 0;
		};
/* End PBXFrameworksBuildPhase section */

/* Begin PBXGroup section */
		43C42571284AAD1B008774EE = {
			isa = PBXGroup;
			children = (
				43C4257C284AAD1C008774EE /* counter */,
				43C4258C284AAD23008774EE /* counter WatchKit App */,
				43C42597284AAD25008774EE /* counter WatchKit Extension */,
				43C4257B284AAD1C008774EE /* Products */,
			);
			sourceTree = "<group>";
		};
		43C4257B284AAD1C008774EE /* Products */ = {
			isa = PBXGroup;
			children = (
				43C4257A284AAD1C008774EE /* counter.app */,
				43C42588284AAD23008774EE /* counter WatchKit App.app */,
				43C42593284AAD25008774EE /* counter WatchKit Extension.appex */,
			);
			name = Products;
			sourceTree = "<group>";
		};
		43C4257C284AAD1C008774EE /* counter */ = {
			isa = PBXGroup;
			children = (
				43C4257D284AAD1C008774EE /* counterApp.swift */,
				43C4257F284AAD1C008774EE /* ContentView.swift */,
				43C42581284AAD23008774EE /* Assets.xcassets */,
				43C42583284AAD23008774EE /* Preview Content */,
			);
			path = counter;
			sourceTree = "<group>";
		};
		43C42583284AAD23008774EE /* Preview Content */ = {
			isa = PBXGroup;
			children = (
				43C42584284AAD23008774EE /* Preview Assets.xcassets */,
			);
			path = "Preview Content";
			sourceTree = "<group>";
		};
		43C4258C284AAD23008774EE /* counter WatchKit App */ = {
			isa = PBXGroup;
			children = (
				43C4258D284AAD25008774EE /* Assets.xcassets */,
			);
			path = "counter WatchKit App";
			sourceTree = "<group>";
		};
		43C42597284AAD25008774EE /* counter WatchKit Extension */ = {
			isa = PBXGroup;
			children = (
				43C42598284AAD25008774EE /* counterApp.swift */,
				43C4259A284AAD25008774EE /* ContentView.swift */,
				43C4259C284AAD25008774EE /* NotificationController.swift */,
				43C4259E284AAD25008774EE /* NotificationView.swift */,
				43C425A0284AAD25008774EE /* ComplicationController.swift */,
				43C425A2284AAD26008774EE /* Assets.xcassets */,
				43C425A7284AAD26008774EE /* Info.plist */,
				43C425A8284AAD26008774EE /* PushNotificationPayload.apns */,
				43C425A4284AAD26008774EE /* Preview Content */,
			);
			path = "counter WatchKit Extension";
			sourceTree = "<group>";
		};
		43C425A4284AAD26008774EE /* Preview Content */ = {
			isa = PBXGroup;
			children = (
				43C425A5284AAD26008774EE /* Preview Assets.xcassets */,
			);
			path = "Preview Content";
			sourceTree = "<group>";
		};
/* End PBXGroup section */

/* Begin PBXNativeTarget section */
		43C42579284AAD1C008774EE /* counter */ = {
			isa = PBXNativeTarget;
			buildConfigurationList = 43C425B3284AAD26008774EE /* Build configuration list for PBXNativeTarget "counter" */;
			buildPhases = (
				43C42576284AAD1C008774EE /* Sources */,
				43C42577284AAD1C008774EE /* Frameworks */,
				43C42578284AAD1C008774EE /* Resources */,
				43C425B2284AAD26008774EE /* Embed Watch Content */,
			);
			buildRules = (
			);
			dependencies = (
				43C4258B284AAD23008774EE /* PBXTargetDependency */,
			);
			name = counter;
			productName = counter;
			productReference = 43C4257A284AAD1C008774EE /* counter.app */;
			productType = "com.apple.product-type.application";
		};
		43C42587284AAD23008774EE /* counter WatchKit App */ = {
			isa = PBXNativeTarget;
			buildConfigurationList = 43C425AF284AAD26008774EE /* Build configuration list for PBXNativeTarget "counter WatchKit App" */;
			buildPhases = (
				43C42586284AAD23008774EE /* Resources */,
				43C425AE284AAD26008774EE /* Embed App Extensions */,
			);
			buildRules = (
			);
			dependencies = (
				43C42596284AAD25008774EE /* PBXTargetDependency */,
			);
			name = "counter WatchKit App";
			productName = "counter WatchKit App";
			productReference = 43C42588284AAD23008774EE /* counter WatchKit App.app */;
			productType = "com.apple.product-type.application.watchapp2";
		};
		43C42592284AAD25008774EE /* counter WatchKit Extension */ = {
			isa = PBXNativeTarget;
			buildConfigurationList = 43C425AB284AAD26008774EE /* Build configuration list for PBXNativeTarget "counter WatchKit Extension" */;
			buildPhases = (
				43C4258F284AAD25008774EE /* Sources */,
				43C42590284AAD25008774EE /* Frameworks */,
				43C42591284AAD25008774EE /* Resources */,
			);
			buildRules = (
			);
			dependencies = (
			);
			name = "counter WatchKit Extension";
			productName = "counter WatchKit Extension";
			productReference = 43C42593284AAD25008774EE /* counter WatchKit Extension.appex */;
			productType = "com.apple.product-type.watchkit2-extension";
		};
/* End PBXNativeTarget section */

/* Begin PBXProject section */
		43C42572284AAD1B008774EE /* Project object */ = {
			isa = PBXProject;
			attributes = {
				BuildIndependentTargetsInParallel = 1;
				LastSwiftUpdateCheck = 1340;
				LastUpgradeCheck = 1340;
				TargetAttributes = {
					43C42579284AAD1C008774EE = {
						CreatedOnToolsVersion = 13.4;
					};
					43C42587284AAD23008774EE = {
						CreatedOnToolsVersion = 13.4;
					};
					43C42592284AAD25008774EE = {
						CreatedOnToolsVersion = 13.4;
					};
				};
			};
			buildConfigurationList = 43C42575284AAD1B008774EE /* Build configuration list for PBXProject "counter" */;
			compatibilityVersion = "Xcode 13.0";
			developmentRegion = en;
			hasScannedForEncodings = 0;
			knownRegions = (
				en,
				Base,
			);
			mainGroup = 43C42571284AAD1B008774EE;
			productRefGroup = 43C4257B284AAD1C008774EE /* Products */;
			projectDirPath = "";
			projectRoot = "";
			targets = (
				43C42579284AAD1C008774EE /* counter */,
				43C42587284AAD23008774EE /* counter WatchKit App */,
				43C42592284AAD25008774EE /* counter WatchKit Extension */,
			);
		};
/* End PBXProject section */

/* Begin PBXResourcesBuildPhase section */
		43C42578284AAD1C008774EE /* Resources */ = {
			isa = PBXResourcesBuildPhase;
			buildActionMask = 2147483647;
			files = (
				43C42585284AAD23008774EE /* Preview Assets.xcassets in Resources */,
				43C42582284AAD23008774EE /* Assets.xcassets in Resources */,
			);
			runOnlyForDeploymentPostprocessing = 0;
		};
		43C42586284AAD23008774EE /* Resources */ = {
			isa = PBXResourcesBuildPhase;
			buildActionMask = 2147483647;
			files = (
				43C4258E284AAD25008774EE /* Assets.xcassets in Resources */,
			);
			runOnlyForDeploymentPostprocessing = 0;
		};
		43C42591284AAD25008774EE /* Resources */ = {
			isa = PBXResourcesBuildPhase;
			buildActionMask = 2147483647;
			files = (
				43C425A6284AAD26008774EE /* Preview Assets.xcassets in Resources */,
				43C425A3284AAD26008774EE /* Assets.xcassets in Resources */,
			);
			runOnlyForDeploymentPostprocessing = 0;
		};
/* End PBXResourcesBuildPhase section */

/* Begin PBXSourcesBuildPhase section */
		43C42576284AAD1C008774EE /* Sources */ = {
			isa = PBXSourcesBuildPhase;
			buildActionMask = 2147483647;
			files = (
				43C42580284AAD1C008774EE /* ContentView.swift in Sources */,
				43C4257E284AAD1C008774EE /* counterApp.swift in Sources */,
			);
			runOnlyForDeploymentPostprocessing = 0;
		};
		43C4258F284AAD25008774EE /* Sources */ = {
			isa = PBXSourcesBuildPhase;
			buildActionMask = 2147483647;
			files = (
				43C4259D284AAD25008774EE /* NotificationController.swift in Sources */,
				43C4259B284AAD25008774EE /* ContentView.swift in Sources */,
				43C425A1284AAD25008774EE /* ComplicationController.swift in Sources */,
				43C42599284AAD25008774EE /* counterApp.swift in Sources */,
				43C4259F284AAD25008774EE /* NotificationView.swift in Sources */,
			);
			runOnlyForDeploymentPostprocessing = 0;
		};
/* End PBXSourcesBuildPhase section */

/* Begin PBXTargetDependency section */
		43C4258B284AAD23008774EE /* PBXTargetDependency */ = {
			isa = PBXTargetDependency;
			target = 43C42587284AAD23008774EE /* counter WatchKit App */;
			targetProxy = 43C4258A284AAD23008774EE /* PBXContainerItemProxy */;
		};
		43C42596284AAD25008774EE /* PBXTargetDependency */ = {
			isa = PBXTargetDependency;
			target = 43C42592284AAD25008774EE /* counter WatchKit Extension */;
			targetProxy = 43C42595284AAD25008774EE /* PBXContainerItemProxy */;
		};
/* End PBXTargetDependency section */

/* Begin XCBuildConfiguration section */
		43C425A9284AAD26008774EE /* Debug */ = {
			isa = XCBuildConfiguration;
			buildSettings = {
				ALWAYS_SEARCH_USER_PATHS = NO;
				CLANG_ANALYZER_NONNULL = YES;
				CLANG_ANALYZER_NUMBER_OBJECT_CONVERSION = YES_AGGRESSIVE;
				CLANG_CXX_LANGUAGE_STANDARD = "gnu++17";
				CLANG_ENABLE_MODULES = YES;
				CLANG_ENABLE_OBJC_ARC = YES;
				CLANG_ENABLE_OBJC_WEAK = YES;
				CLANG_WARN_BLOCK_CAPTURE_AUTORELEASING = YES;
				CLANG_WARN_BOOL_CONVERSION = YES;
				CLANG_WARN_COMMA = YES;
				CLANG_WARN_CONSTANT_CONVERSION = YES;
				CLANG_WARN_DEPRECATED_OBJC_IMPLEMENTATIONS = YES;
				CLANG_WARN_DIRECT_OBJC_ISA_USAGE = YES_ERROR;
				CLANG_WARN_DOCUMENTATION_COMMENTS = YES;
				CLANG_WARN_EMPTY_BODY = YES;
				CLANG_WARN_ENUM_CONVERSION = YES;
				CLANG_WARN_INFINITE_RECURSION = YES;
				CLANG_WARN_INT_CONVERSION = YES;
				CLANG_WARN_NON_LITERAL_NULL_CONVERSION = YES;
				CLANG_WARN_OBJC_IMPLICIT_RETAIN_SELF = YES;
				CLANG_WARN_OBJC_LITERAL_CONVERSION = YES;
				CLANG_WARN_OBJC_ROOT_CLASS = YES_ERROR;
				CLANG_WARN_QUOTED_INCLUDE_IN_FRAMEWORK_HEADER = YES;
				CLANG_WARN_RANGE_LOOP_ANALYSIS = YES;
				CLANG_WARN_STRICT_PROTOTYPES = YES;
				CLANG_WARN_SUSPICIOUS_MOVE = YES;
				CLANG_WARN_UNGUARDED_AVAILABILITY = YES_AGGRESSIVE;
				CLANG_WARN_UNREACHABLE_CODE = YES;
				CLANG_WARN__DUPLICATE_METHOD_MATCH = YES;
				COPY_PHASE_STRIP = NO;
				DEBUG_INFORMATION_FORMAT = dwarf;
				ENABLE_STRICT_OBJC_MSGSEND = YES;
				ENABLE_TESTABILITY = YES;
				GCC_C_LANGUAGE_STANDARD = gnu11;
				GCC_DYNAMIC_NO_PIC = NO;
				GCC_NO_COMMON_BLOCKS = YES;
				GCC_OPTIMIZATION_LEVEL = 0;
				GCC_PREPROCESSOR_DEFINITIONS = (
					"DEBUG=1",
					"$(inherited)",
				);
				GCC_WARN_64_TO_32_BIT_CONVERSION = YES;
				GCC_WARN_ABOUT_RETURN_TYPE = YES_ERROR;
				GCC_WARN_UNDECLARED_SELECTOR = YES;
				GCC_WARN_UNINITIALIZED_AUTOS = YES_AGGRESSIVE;
				GCC_WARN_UNUSED_FUNCTION = YES;
				GCC_WARN_UNUSED_VARIABLE = YES;
				MTL_ENABLE_DEBUG_INFO = INCLUDE_SOURCE;
				MTL_FAST_MATH = YES;
				ONLY_ACTIVE_ARCH = YES;
				SWIFT_ACTIVE_COMPILATION_CONDITIONS = DEBUG;
				SWIFT_OPTIMIZATION_LEVEL = "-Onone";
			};
			name = Debug;
		};
		43C425AA284AAD26008774EE /* Release */ = {
			isa = XCBuildConfiguration;
			buildSettings = {
				ALWAYS_SEARCH_USER_PATHS = NO;
				CLANG_ANALYZER_NONNULL = YES;
				CLANG_ANALYZER_NUMBER_OBJECT_CONVERSION = YES_AGGRESSIVE;
				CLANG_CXX_LANGUAGE_STANDARD = "gnu++17";
				CLANG_ENABLE_MODULES = YES;
				CLANG_ENABLE_OBJC_ARC = YES;
				CLANG_ENABLE_OBJC_WEAK = YES;
				CLANG_WARN_BLOCK_CAPTURE_AUTORELEASING = YES;
				CLANG_WARN_BOOL_CONVERSION = YES;
				CLANG_WARN_COMMA = YES;
				CLANG_WARN_CONSTANT_CONVERSION = YES;
				CLANG_WARN_DEPRECATED_OBJC_IMPLEMENTATIONS = YES;
				CLANG_WARN_DIRECT_OBJC_ISA_USAGE = YES_ERROR;
				CLANG_WARN_DOCUMENTATION_COMMENTS = YES;
				CLANG_WARN_EMPTY_BODY = YES;
				CLANG_WARN_ENUM_CONVERSION = YES;
				CLANG_WARN_INFINITE_RECURSION = YES;
				CLANG_WARN_INT_CONVERSION = YES;
				CLANG_WARN_NON_LITERAL_NULL_CONVERSION = YES;
				CLANG_WARN_OBJC_IMPLICIT_RETAIN_SELF = YES;
				CLANG_WARN_OBJC_LITERAL_CONVERSION = YES;
				CLANG_WARN_OBJC_ROOT_CLASS = YES_ERROR;
				CLANG_WARN_QUOTED_INCLUDE_IN_FRAMEWORK_HEADER = YES;
				CLANG_WARN_RANGE_LOOP_ANALYSIS = YES;
				CLANG_WARN_STRICT_PROTOTYPES = YES;
				CLANG_WARN_SUSPICIOUS_MOVE = YES;
				CLANG_WARN_UNGUARDED_AVAILABILITY = YES_AGGRESSIVE;
				CLANG_WARN_UNREACHABLE_CODE = YES;
				CLANG_WARN__DUPLICATE_METHOD_MATCH = YES;
				COPY_PHASE_STRIP = NO;
				DEBUG_INFORMATION_FORMAT = "dwarf-with-dsym";
				ENABLE_NS_ASSERTIONS = NO;
				ENABLE_STRICT_OBJC_MSGSEND = YES;
				GCC_C_LANGUAGE_STANDARD = gnu11;
				GCC_NO_COMMON_BLOCKS = YES;
				GCC_WARN_64_TO_32_BIT_CONVERSION = YES;
				GCC_WARN_ABOUT_RETURN_TYPE = YES_ERROR;
				GCC_WARN_UNDECLARED_SELECTOR = YES;
				GCC_WARN_UNINITIALIZED_AUTOS = YES_AGGRESSIVE;
				GCC_WARN_UNUSED_FUNCTION = YES;
				GCC_WARN_UNUSED_VARIABLE = YES;
				MTL_ENABLE_DEBUG_INFO = NO;
				MTL_FAST_MATH = YES;
				SWIFT_COMPILATION_MODE = wholemodule;
				SWIFT_OPTIMIZATION_LEVEL = "-O";
			};
			name = Release;
		};
		43C425AC284AAD26008774EE /* Debug */ = {
			isa = XCBuildConfiguration;
			buildSettings = {
				ASSETCATALOG_COMPILER_COMPLICATION_NAME = Complication;
				CODE_SIGN_STYLE = Automatic;
				CURRENT_PROJECT_VERSION = 1;
				DEVELOPMENT_ASSET_PATHS = "\"counter WatchKit Extension/Preview Content\"";
				DEVELOPMENT_TEAM = T4S6R3Y39G;
				ENABLE_PREVIEWS = YES;
				GENERATE_INFOPLIST_FILE = YES;
				INFOPLIST_FILE = "counter WatchKit Extension/Info.plist";
				INFOPLIST_KEY_CFBundleDisplayName = "counter WatchKit Extension";
				INFOPLIST_KEY_CLKComplicationPrincipalClass = "$(PRODUCT_MODULE_NAME).ComplicationController";
				INFOPLIST_KEY_NSHumanReadableCopyright = "";
				INFOPLIST_KEY_WKRunsIndependentlyOfCompanionApp = YES;
				LD_RUNPATH_SEARCH_PATHS = (
					"$(inherited)",
					"@executable_path/Frameworks",
					"@executable_path/../../Frameworks",
				);
				MARKETING_VERSION = 1.0;
				PRODUCT_BUNDLE_IDENTIFIER = "com.blake-ink.counter.watchkitapp.watchkitextension";
				PRODUCT_NAME = "${TARGET_NAME}";
				SDKROOT = watchos;
				SKIP_INSTALL = YES;
				SWIFT_EMIT_LOC_STRINGS = YES;
				SWIFT_VERSION = 5.0;
				TARGETED_DEVICE_FAMILY = 4;
				WATCHOS_DEPLOYMENT_TARGET = 8.5;
			};
			name = Debug;
		};
		43C425AD284AAD26008774EE /* Release */ = {
			isa = XCBuildConfiguration;
			buildSettings = {
				ASSETCATALOG_COMPILER_COMPLICATION_NAME = Complication;
				CODE_SIGN_STYLE = Automatic;
				CURRENT_PROJECT_VERSION = 1;
				DEVELOPMENT_ASSET_PATHS = "\"counter WatchKit Extension/Preview Content\"";
				DEVELOPMENT_TEAM = T4S6R3Y39G;
				ENABLE_PREVIEWS = YES;
				GENERATE_INFOPLIST_FILE = YES;
				INFOPLIST_FILE = "counter WatchKit Extension/Info.plist";
				INFOPLIST_KEY_CFBundleDisplayName = "counter WatchKit Extension";
				INFOPLIST_KEY_CLKComplicationPrincipalClass = "$(PRODUCT_MODULE_NAME).ComplicationController";
				INFOPLIST_KEY_NSHumanReadableCopyright = "";
				INFOPLIST_KEY_WKRunsIndependentlyOfCompanionApp = YES;
				LD_RUNPATH_SEARCH_PATHS = (
					"$(inherited)",
					"@executable_path/Frameworks",
					"@executable_path/../../Frameworks",
				);
				MARKETING_VERSION = 1.0;
				PRODUCT_BUNDLE_IDENTIFIER = "com.blake-ink.counter.watchkitapp.watchkitextension";
				PRODUCT_NAME = "${TARGET_NAME}";
				SDKROOT = watchos;
				SKIP_INSTALL = YES;
				SWIFT_EMIT_LOC_STRINGS = YES;
				SWIFT_VERSION = 5.0;
				TARGETED_DEVICE_FAMILY = 4;
				VALIDATE_PRODUCT = YES;
				WATCHOS_DEPLOYMENT_TARGET = 8.5;
			};
			name = Release;
		};
		43C425B0284AAD26008774EE /* Debug */ = {
			isa = XCBuildConfiguration;
			buildSettings = {
				ALWAYS_EMBED_SWIFT_STANDARD_LIBRARIES = YES;
				ASSETCATALOG_COMPILER_APPICON_NAME = AppIcon;
				ASSETCATALOG_COMPILER_GLOBAL_ACCENT_COLOR_NAME = AccentColor;
				CODE_SIGN_STYLE = Automatic;
				CURRENT_PROJECT_VERSION = 1;
				DEVELOPMENT_TEAM = T4S6R3Y39G;
				GENERATE_INFOPLIST_FILE = YES;
				IBSC_MODULE = counter_WatchKit_Extension;
				INFOPLIST_KEY_CFBundleDisplayName = "counter WatchKit App";
				INFOPLIST_KEY_UISupportedInterfaceOrientations = "UIInterfaceOrientationPortrait UIInterfaceOrientationPortraitUpsideDown";
				INFOPLIST_KEY_WKCompanionAppBundleIdentifier = "com.blake-ink.counter";
				MARKETING_VERSION = 1.0;
				PRODUCT_BUNDLE_IDENTIFIER = "com.blake-ink.counter.watchkitapp";
				PRODUCT_NAME = "$(TARGET_NAME)";
				SDKROOT = watchos;
				SKIP_INSTALL = YES;
				SWIFT_EMIT_LOC_STRINGS = YES;
				SWIFT_VERSION = 5.0;
				TARGETED_DEVICE_FAMILY = 4;
				WATCHOS_DEPLOYMENT_TARGET = 8.5;
			};
			name = Debug;
		};
		43C425B1284AAD26008774EE /* Release */ = {
			isa = XCBuildConfiguration;
			buildSettings = {
				ALWAYS_EMBED_SWIFT_STANDARD_LIBRARIES = YES;
				ASSETCATALOG_COMPILER_APPICON_NAME = AppIcon;
				ASSETCATALOG_COMPILER_GLOBAL_ACCENT_COLOR_NAME = AccentColor;
				CODE_SIGN_STYLE = Automatic;
				CURRENT_PROJECT_VERSION = 1;
				DEVELOPMENT_TEAM = T4S6R3Y39G;
				GENERATE_INFOPLIST_FILE = YES;
				IBSC_MODULE = counter_WatchKit_Extension;
				INFOPLIST_KEY_CFBundleDisplayName = "counter WatchKit App";
				INFOPLIST_KEY_UISupportedInterfaceOrientations = "UIInterfaceOrientationPortrait UIInterfaceOrientationPortraitUpsideDown";
				INFOPLIST_KEY_WKCompanionAppBundleIdentifier = "com.blake-ink.counter";
				MARKETING_VERSION = 1.0;
				PRODUCT_BUNDLE_IDENTIFIER = "com.blake-ink.counter.watchkitapp";
				PRODUCT_NAME = "$(TARGET_NAME)";
				SDKROOT = watchos;
				SKIP_INSTALL = YES;
				SWIFT_EMIT_LOC_STRINGS = YES;
				SWIFT_VERSION = 5.0;
				TARGETED_DEVICE_FAMILY = 4;
				VALIDATE_PRODUCT = YES;
				WATCHOS_DEPLOYMENT_TARGET = 8.5;
			};
			name = Release;
		};
		43C425B4284AAD26008774EE /* Debug */ = {
			isa = XCBuildConfiguration;
			buildSettings = {
				ASSETCATALOG_COMPILER_APPICON_NAME = AppIcon;
				ASSETCATALOG_COMPILER_GLOBAL_ACCENT_COLOR_NAME = AccentColor;
				CODE_SIGN_STYLE = Automatic;
				CURRENT_PROJECT_VERSION = 1;
				DEVELOPMENT_ASSET_PATHS = "\"counter/Preview Content\"";
				DEVELOPMENT_TEAM = T4S6R3Y39G;
				ENABLE_PREVIEWS = YES;
				GENERATE_INFOPLIST_FILE = YES;
				INFOPLIST_KEY_UIApplicationSceneManifest_Generation = YES;
				INFOPLIST_KEY_UIApplicationSupportsIndirectInputEvents = YES;
				INFOPLIST_KEY_UILaunchScreen_Generation = YES;
				INFOPLIST_KEY_UISupportedInterfaceOrientations_iPad = "UIInterfaceOrientationPortrait UIInterfaceOrientationPortraitUpsideDown UIInterfaceOrientationLandscapeLeft UIInterfaceOrientationLandscapeRight";
				INFOPLIST_KEY_UISupportedInterfaceOrientations_iPhone = "UIInterfaceOrientationPortrait UIInterfaceOrientationLandscapeLeft UIInterfaceOrientationLandscapeRight";
				IPHONEOS_DEPLOYMENT_TARGET = 15.5;
				LD_RUNPATH_SEARCH_PATHS = (
					"$(inherited)",
					"@executable_path/Frameworks",
				);
				MARKETING_VERSION = 1.0;
				PRODUCT_BUNDLE_IDENTIFIER = "com.blake-ink.counter";
				PRODUCT_NAME = "$(TARGET_NAME)";
				SDKROOT = iphoneos;
				SWIFT_EMIT_LOC_STRINGS = YES;
				SWIFT_VERSION = 5.0;
				TARGETED_DEVICE_FAMILY = "1,2";
			};
			name = Debug;
		};
		43C425B5284AAD26008774EE /* Release */ = {
			isa = XCBuildConfiguration;
			buildSettings = {
				ASSETCATALOG_COMPILER_APPICON_NAME = AppIcon;
				ASSETCATALOG_COMPILER_GLOBAL_ACCENT_COLOR_NAME = AccentColor;
				CODE_SIGN_STYLE = Automatic;
				CURRENT_PROJECT_VERSION = 1;
				DEVELOPMENT_ASSET_PATHS = "\"counter/Preview Content\"";
				DEVELOPMENT_TEAM = T4S6R3Y39G;
				ENABLE_PREVIEWS = YES;
				GENERATE_INFOPLIST_FILE = YES;
				INFOPLIST_KEY_UIApplicationSceneManifest_Generation = YES;
				INFOPLIST_KEY_UIApplicationSupportsIndirectInputEvents = YES;
				INFOPLIST_KEY_UILaunchScreen_Generation = YES;
				INFOPLIST_KEY_UISupportedInterfaceOrientations_iPad = "UIInterfaceOrientationPortrait UIInterfaceOrientationPortraitUpsideDown UIInterfaceOrientationLandscapeLeft UIInterfaceOrientationLandscapeRight";
				INFOPLIST_KEY_UISupportedInterfaceOrientations_iPhone = "UIInterfaceOrientationPortrait UIInterfaceOrientationLandscapeLeft UIInterfaceOrientationLandscapeRight";
				IPHONEOS_DEPLOYMENT_TARGET = 15.5;
				LD_RUNPATH_SEARCH_PATHS = (
					"$(inherited)",
					"@executable_path/Frameworks",
				);
				MARKETING_VERSION = 1.0;
				PRODUCT_BUNDLE_IDENTIFIER = "com.blake-ink.counter";
				PRODUCT_NAME = "$(TARGET_NAME)";
				SDKROOT = iphoneos;
				SWIFT_EMIT_LOC_STRINGS = YES;
				SWIFT_VERSION = 5.0;
				TARGETED_DEVICE_FAMILY = "1,2";
				VALIDATE_PRODUCT = YES;
			};
			name = Release;
		};
/* End XCBuildConfiguration section */

/* Begin XCConfigurationList section */
		43C42575284AAD1B008774EE /* Build configuration list for PBXProject "counter" */ = {
			isa = XCConfigurationList;
			buildConfigurations = (
				43C425A9284AAD26008774EE /* Debug */,
				43C425AA284AAD26008774EE /* Release */,
			);
			defaultConfigurationIsVisible = 0;
			defaultConfigurationName = Release;
		};
		43C425AB284AAD26008774EE /* Build configuration list for PBXNativeTarget "counter WatchKit Extension" */ = {
			isa = XCConfigurationList;
			buildConfigurations = (
				43C425AC284AAD26008774EE /* Debug */,
				43C425AD284AAD26008774EE /* Release */,
			);
			defaultConfigurationIsVisible = 0;
			defaultConfigurationName = Release;
		};
		43C425AF284AAD26008774EE /* Build configuration list for PBXNativeTarget "counter WatchKit App" */ = {
			isa = XCConfigurationList;
			buildConfigurations = (
				43C425B0284AAD26008774EE /* Debug */,
				43C425B1284AAD26008774EE /* Release */,
			);
			defaultConfigurationIsVisible = 0;
			defaultConfigurationName = Release;
		};
		43C425B3284AAD26008774EE /* Build configuration list for PBXNativeTarget "counter" */ = {
			isa = XCConfigurationList;
			buildConfigurations = (
				43C425B4284AAD26008774EE /* Debug */,
				43C425B5284AAD26008774EE /* Release */,
			);
			defaultConfigurationIsVisible = 0;
			defaultConfigurationName = Release;
		};
/* End XCConfigurationList section */
	};
	rootObject = 43C42572284AAD1B008774EE /* Project object */;
}
